
Microsoft Visual Studio Solution File, Format Version 12.00
# Visual Studio Version 17
VisualStudioVersion = 17.4.33213.308
MinimumVisualStudioVersion = 10.0.40219.1
Project("{FAE04EC0-301F-11D3-BF4B-00C04F79EFBC}") = "Project_GYM", "Project_GYM\Project_GYM.csproj", "{8F1398DC-19DE-4359-A1D0-CBBE01BB489E}"
	ProjectSection(ProjectDependencies) = postProject
		{3003A765-D225-4B21-B3CA-5FD63FB1DAFC} = {3003A765-D225-4B21-B3CA-5FD63FB1DAFC}
	EndProjectSection
EndProject
Project("{FAE04EC0-301F-11D3-BF4B-00C04F79EFBC}") = "Project_GYM.Infrastructure", "Project_GYM.Infrastructure\Project_GYM.Infrastructure.csproj", "{3003A765-D225-4B21-B3CA-5FD63FB1DAFC}"
EndProject
Global
	GlobalSection(SolutionConfigurationPlatforms) = preSolution
		Debug|Any CPU = Debug|Any CPU
		Release|Any CPU = Release|Any CPU
	EndGlobalSection
	GlobalSection(ProjectConfigurationPlatforms) = postSolution
		{8F1398DC-19DE-4359-A1D0-CBBE01BB489E}.Debug|Any CPU.ActiveCfg = Debug|Any CPU
		{8F1398DC-19DE-4359-A1D0-CBBE01BB489E}.Debug|Any CPU.Build.0 = Debug|Any CPU
		{8F1398DC-19DE-4359-A1D0-CBBE01BB489E}.Release|Any CPU.ActiveCfg = Release|Any CPU
		{8F1398DC-19DE-4359-A1D0-CBBE01BB489E}.Release|Any CPU.Build.0 = Release|Any CPU
		{3003A765-D225-4B21-B3CA-5FD63FB1DAFC}.Debug|Any CPU.ActiveCfg = Debug|Any CPU
		{3003A765-D225-4B21-B3CA-5FD63FB1DAFC}.Debug|Any CPU.Build.0 = Debug|Any CPU
		{3003A765-D225-4B21-B3CA-5FD63FB1DAFC}.Release|Any CPU.ActiveCfg = Release|Any CPU
		{3003A765-D225-4B21-B3CA-5FD63FB1DAFC}.Release|Any CPU.Build.0 = Release|Any CPU
	EndGlobalSection
	GlobalSection(SolutionProperties) = preSolution
		HideSolutionNode = FALSE
	EndGlobalSection
	GlobalSection(ExtensibilityGlobals) = postSolution
		SolutionGuid = {CAF66C0A-D6F7-43B3-BE24-63D64B66BDD0}
	EndGlobalSection
EndGlobal
